Microsoft Visual Studio Solution File, Format Version 12.00
# Visual Studio 15
VisualStudioVersion = 15.0.26430.6
MinimumVisualStudioVersion = 10.0.40219.1
Project("{FAE04EC0-301F-11D3-BF4B-00C04F79EFBC}") = "EntryUITest.iOS", "EntryUITest.iOS\EntryUITest.iOS.csproj", "{5FAB7ED8-E455-4ABD-842B-478F1649C92A}"
EndProject
Project("{FAE04EC0-301F-11D3-BF4B-00C04F79EFBC}") = "EntryUITest.Droid", "EntryUITest.Droid\EntryUITest.Droid.csproj", "{1F595B81-B95E-4620-AFC8-FD345751DF61}"
EndProject
Project("{FAE04EC0-301F-11D3-BF4B-00C04F79EFBC}") = "EntryUITest.UITests", "EntryUITest.UITests\EntryUITest.UITests.csproj", "{27CC5E57-20BA-45D7-A9E1-9623556B7B0B}"
EndProject
Project("{FAE04EC0-301F-11D3-BF4B-00C04F79EFBC}") = "EntryUITest", "EntryUITest\EntryUITest.csproj", "{C5C002D2-6129-429E-8776-7ABEBAE7138B}"
EndProject
Project("{FAE04EC0-301F-11D3-BF4B-00C04F79EFBC}") = "EntryUITest.Constants", "EntryUITest.Constants\EntryUITest.Constants.csproj", "{583C64D8-C4E8-422E-8D84-B04901F54E85}"
EndProject
Global
	GlobalSection(SharedMSBuildProjectFiles) = preSolution
		EntryUITest.Shared\EntryUITest.Shared.projitems*{1af1da0e-563e-4b5b-95e4-177632d433f4}*SharedItemsImports = 4
		EntryUITest.Shared\EntryUITest.Shared.projitems*{26ebd772-4473-43ff-b418-fc00f528f101}*SharedItemsImports = 13
		EntryUITest.Shared\EntryUITest.Shared.projitems*{27cc5e57-20ba-45d7-a9e1-9623556b7b0b}*SharedItemsImports = 4
	EndGlobalSection
	GlobalSection(SolutionConfigurationPlatforms) = preSolution
		Debug|Any CPU = Debug|Any CPU
		Debug|iPhone = Debug|iPhone
		Debug|iPhoneSimulator = Debug|iPhoneSimulator
		Release|Any CPU = Release|Any CPU
		Release|iPhone = Release|iPhone
		Release|iPhoneSimulator = Release|iPhoneSimulator
	EndGlobalSection
	GlobalSection(ProjectConfigurationPlatforms) = postSolution
		{5FAB7ED8-E455-4ABD-842B-478F1649C92A}.Debug|Any CPU.ActiveCfg = Debug|iPhoneSimulator
		{5FAB7ED8-E455-4ABD-842B-478F1649C92A}.Debug|Any CPU.Build.0 = Debug|iPhoneSimulator
		{5FAB7ED8-E455-4ABD-842B-478F1649C92A}.Debug|iPhone.ActiveCfg = Debug|iPhone
		{5FAB7ED8-E455-4ABD-842B-478F1649C92A}.Debug|iPhone.Build.0 = Debug|iPhone
		{5FAB7ED8-E455-4ABD-842B-478F1649C92A}.Debug|iPhoneSimulator.ActiveCfg = Debug|iPhoneSimulator
		{5FAB7ED8-E455-4ABD-842B-478F1649C92A}.Debug|iPhoneSimulator.Build.0 = Debug|iPhoneSimulator
		{5FAB7ED8-E455-4ABD-842B-478F1649C92A}.Release|Any CPU.ActiveCfg = Debug|iPhoneSimulator
		{5FAB7ED8-E455-4ABD-842B-478F1649C92A}.Release|Any CPU.Build.0 = Debug|iPhoneSimulator
		{5FAB7ED8-E455-4ABD-842B-478F1649C92A}.Release|iPhone.ActiveCfg = Release|iPhone
		{5FAB7ED8-E455-4ABD-842B-478F1649C92A}.Release|iPhone.Build.0 = Release|iPhone
		{5FAB7ED8-E455-4ABD-842B-478F1649C92A}.Release|iPhoneSimulator.ActiveCfg = Release|iPhoneSimulator
		{5FAB7ED8-E455-4ABD-842B-478F1649C92A}.Release|iPhoneSimulator.Build.0 = Release|iPhoneSimulator
		{1F595B81-B95E-4620-AFC8-FD345751DF61}.Debug|Any CPU.ActiveCfg = Debug|Any CPU
		{1F595B81-B95E-4620-AFC8-FD345751DF61}.Debug|Any CPU.Build.0 = Debug|Any CPU
		{1F595B81-B95E-4620-AFC8-FD345751DF61}.Debug|Any CPU.Deploy.0 = Debug|Any CPU
		{1F595B81-B95E-4620-AFC8-FD345751DF61}.Debug|iPhone.ActiveCfg = Debug|Any CPU
		{1F595B81-B95E-4620-AFC8-FD345751DF61}.Debug|iPhone.Build.0 = Debug|Any CPU
		{1F595B81-B95E-4620-AFC8-FD345751DF61}.Debug|iPhone.Deploy.0 = Debug|Any CPU
		{1F595B81-B95E-4620-AFC8-FD345751DF61}.Debug|iPhoneSimulator.ActiveCfg = Debug|Any CPU
		{1F595B81-B95E-4620-AFC8-FD345751DF61}.Debug|iPhoneSimulator.Build.0 = Debug|Any CPU
		{1F595B81-B95E-4620-AFC8-FD345751DF61}.Debug|iPhoneSimulator.Deploy.0 = Debug|Any CPU
		{1F595B81-B95E-4620-AFC8-FD345751DF61}.Release|Any CPU.ActiveCfg = Release|Any CPU
		{1F595B81-B95E-4620-AFC8-FD345751DF61}.Release|Any CPU.Build.0 = Release|Any CPU
		{1F595B81-B95E-4620-AFC8-FD345751DF61}.Release|Any CPU.Deploy.0 = Release|Any CPU
		{1F595B81-B95E-4620-AFC8-FD345751DF61}.Release|iPhone.ActiveCfg = Release|Any CPU
		{1F595B81-B95E-4620-AFC8-FD345751DF61}.Release|iPhone.Build.0 = Release|Any CPU
		{1F595B81-B95E-4620-AFC8-FD345751DF61}.Release|iPhone.Deploy.0 = Release|Any CPU
		{1F595B81-B95E-4620-AFC8-FD345751DF61}.Release|iPhoneSimulator.ActiveCfg = Release|Any CPU
		{1F595B81-B95E-4620-AFC8-FD345751DF61}.Release|iPhoneSimulator.Build.0 = Release|Any CPU
		{1F595B81-B95E-4620-AFC8-FD345751DF61}.Release|iPhoneSimulator.Deploy.0 = Release|Any CPU
		{27CC5E57-20BA-45D7-A9E1-9623556B7B0B}.Debug|Any CPU.ActiveCfg = Debug|Any CPU
		{27CC5E57-20BA-45D7-A9E1-9623556B7B0B}.Debug|Any CPU.Build.0 = Debug|Any CPU
		{27CC5E57-20BA-45D7-A9E1-9623556B7B0B}.Debug|iPhone.ActiveCfg = Debug|Any CPU
		{27CC5E57-20BA-45D7-A9E1-9623556B7B0B}.Debug|iPhone.Build.0 = Debug|Any CPU
		{27CC5E57-20BA-45D7-A9E1-9623556B7B0B}.Debug|iPhoneSimulator.ActiveCfg = Debug|Any CPU
		{27CC5E57-20BA-45D7-A9E1-9623556B7B0B}.Debug|iPhoneSimulator.Build.0 = Debug|Any CPU
		{27CC5E57-20BA-45D7-A9E1-9623556B7B0B}.Release|Any CPU.ActiveCfg = Release|Any CPU
		{27CC5E57-20BA-45D7-A9E1-9623556B7B0B}.Release|Any CPU.Build.0 = Release|Any CPU
		{27CC5E57-20BA-45D7-A9E1-9623556B7B0B}.Release|iPhone.ActiveCfg = Release|Any CPU
		{27CC5E57-20BA-45D7-A9E1-9623556B7B0B}.Release|iPhone.Build.0 = Release|Any CPU
		{27CC5E57-20BA-45D7-A9E1-9623556B7B0B}.Release|iPhoneSimulator.ActiveCfg = Release|Any CPU
		{27CC5E57-20BA-45D7-A9E1-9623556B7B0B}.Release|iPhoneSimulator.Build.0 = Release|Any CPU
		{C5C002D2-6129-429E-8776-7ABEBAE7138B}.Debug|Any CPU.ActiveCfg = Debug|Any CPU
		{C5C002D2-6129-429E-8776-7ABEBAE7138B}.Debug|Any CPU.Build.0 = Debug|Any CPU
		{C5C002D2-6129-429E-8776-7ABEBAE7138B}.Debug|iPhone.ActiveCfg = Debug|Any CPU
		{C5C002D2-6129-429E-8776-7ABEBAE7138B}.Debug|iPhone.Build.0 = Debug|Any CPU
		{C5C002D2-6129-429E-8776-7ABEBAE7138B}.Debug|iPhoneSimulator.ActiveCfg = Debug|Any CPU
		{C5C002D2-6129-429E-8776-7ABEBAE7138B}.Debug|iPhoneSimulator.Build.0 = Debug|Any CPU
		{C5C002D2-6129-429E-8776-7ABEBAE7138B}.Release|Any CPU.ActiveCfg = Release|Any CPU
		{C5C002D2-6129-429E-8776-7ABEBAE7138B}.Release|Any CPU.Build.0 = Release|Any CPU
		{C5C002D2-6129-429E-8776-7ABEBAE7138B}.Release|iPhone.ActiveCfg = Release|Any CPU
		{C5C002D2-6129-429E-8776-7ABEBAE7138B}.Release|iPhone.Build.0 = Release|Any CPU
		{C5C002D2-6129-429E-8776-7ABEBAE7138B}.Release|iPhoneSimulator.ActiveCfg = Release|Any CPU
		{C5C002D2-6129-429E-8776-7ABEBAE7138B}.Release|iPhoneSimulator.Build.0 = Release|Any CPU
		{583C64D8-C4E8-422E-8D84-B04901F54E85}.Debug|Any CPU.ActiveCfg = Debug|Any CPU
		{583C64D8-C4E8-422E-8D84-B04901F54E85}.Debug|Any CPU.Build.0 = Debug|Any CPU
		{583C64D8-C4E8-422E-8D84-B04901F54E85}.Debug|iPhone.ActiveCfg = Debug|Any CPU
		{583C64D8-C4E8-422E-8D84-B04901F54E85}.Debug|iPhone.Build.0 = Debug|Any CPU
		{583C64D8-C4E8-422E-8D84-B04901F54E85}.Debug|iPhoneSimulator.ActiveCfg = Debug|Any CPU
		{583C64D8-C4E8-422E-8D84-B04901F54E85}.Debug|iPhoneSimulator.Build.0 = Debug|Any CPU
		{583C64D8-C4E8-422E-8D84-B04901F54E85}.Release|Any CPU.ActiveCfg = Release|Any CPU
		{583C64D8-C4E8-422E-8D84-B04901F54E85}.Release|Any CPU.Build.0 = Release|Any CPU
		{583C64D8-C4E8-422E-8D84-B04901F54E85}.Release|iPhone.ActiveCfg = Release|Any CPU
		{583C64D8-C4E8-422E-8D84-B04901F54E85}.Release|iPhone.Build.0 = Release|Any CPU
		{583C64D8-C4E8-422E-8D84-B04901F54E85}.Release|iPhoneSimulator.ActiveCfg = Release|Any CPU
		{583C64D8-C4E8-422E-8D84-B04901F54E85}.Release|iPhoneSimulator.Build.0 = Release|Any CPU
	EndGlobalSection
	GlobalSection(SolutionProperties) = preSolution
		HideSolutionNode = FALSE
	EndGlobalSection
	GlobalSection(MonoDevelopProperties) = preSolution
		Policies = $0
		$0.DotNetNamingPolicy = $1
		$0.StandardHeader = $2
		$0.NameConventionPolicy = $3
		$3.Rules = $4
		$4.NamingRule = $24
	EndGlobalSection
EndGlobal
